
Microsoft Visual Studio Solution File, Format Version 12.00
# Visual Studio Version 17
VisualStudioVersion = 17.1.32328.378
MinimumVisualStudioVersion = 10.0.40219.1
Project("{2150E333-8FDC-42A3-9474-1A3956D46DE8}") = "src", "src", "{91AD1FB1-DBCC-4B35-A6E0-31BEF7B47113}"
	ProjectSection(SolutionItems) = preProject
		Common.props = Common.props
	EndProjectSection
EndProject
Project("{2150E333-8FDC-42A3-9474-1A3956D46DE8}") = "tests", "tests", "{68E81CE1-B25F-4AAE-AD65-286C5A9E84C6}"
EndProject
Project("{9A19103F-16F7-4668-BE54-9A1E7A4F7556}") = "SourceGeneratorSupplement.Playground", "tests\SourceGeneratorSupplement.Playground\SourceGeneratorSupplement.Playground.csproj", "{10D6AD13-D798-409B-9A64-786380A3387C}"
EndProject
Project("{9A19103F-16F7-4668-BE54-9A1E7A4F7556}") = "SourceGeneratorSupplement.Test", "tests\SourceGeneratorSupplement.Test\SourceGeneratorSupplement.Test.csproj", "{3BC1CAFB-531A-4FDF-9316-8648811DCD84}"
	ProjectSection(ProjectDependencies) = postProject
		{BCA680CB-416F-466C-AC97-9C6BE0845B68} = {BCA680CB-416F-466C-AC97-9C6BE0845B68}
	EndProjectSection
EndProject
Project("{9A19103F-16F7-4668-BE54-9A1E7A4F7556}") = "SourceGeneratorSupplement", "src\SourceGeneratorSupplement\SourceGeneratorSupplement.csproj", "{6613AC03-04BC-4B17-AA70-12C95CC17C7C}"
EndProject
Project("{9A19103F-16F7-4668-BE54-9A1E7A4F7556}") = "SourceGeneratorSupplement.TypeSourceGenerator", "src\SourceGeneratorSupplement.TypeSourceGenerator\SourceGeneratorSupplement.TypeSourceGenerator.csproj", "{BCA680CB-416F-466C-AC97-9C6BE0845B68}"
EndProject
Global
	GlobalSection(SolutionConfigurationPlatforms) = preSolution
		Debug|Any CPU = Debug|Any CPU
		Release|Any CPU = Release|Any CPU
	EndGlobalSection
	GlobalSection(ProjectConfigurationPlatforms) = postSolution
		{10D6AD13-D798-409B-9A64-786380A3387C}.Debug|Any CPU.ActiveCfg = Debug|Any CPU
		{10D6AD13-D798-409B-9A64-786380A3387C}.Debug|Any CPU.Build.0 = Debug|Any CPU
		{10D6AD13-D798-409B-9A64-786380A3387C}.Release|Any CPU.ActiveCfg = Release|Any CPU
		{10D6AD13-D798-409B-9A64-786380A3387C}.Release|Any CPU.Build.0 = Release|Any CPU
		{3BC1CAFB-531A-4FDF-9316-8648811DCD84}.Debug|Any CPU.ActiveCfg = Debug|Any CPU
		{3BC1CAFB-531A-4FDF-9316-8648811DCD84}.Debug|Any CPU.Build.0 = Debug|Any CPU
		{3BC1CAFB-531A-4FDF-9316-8648811DCD84}.Release|Any CPU.ActiveCfg = Release|Any CPU
		{3BC1CAFB-531A-4FDF-9316-8648811DCD84}.Release|Any CPU.Build.0 = Release|Any CPU
		{6613AC03-04BC-4B17-AA70-12C95CC17C7C}.Debug|Any CPU.ActiveCfg = Debug|Any CPU
		{6613AC03-04BC-4B17-AA70-12C95CC17C7C}.Debug|Any CPU.Build.0 = Debug|Any CPU
		{6613AC03-04BC-4B17-AA70-12C95CC17C7C}.Release|Any CPU.ActiveCfg = Release|Any CPU
		{6613AC03-04BC-4B17-AA70-12C95CC17C7C}.Release|Any CPU.Build.0 = Release|Any CPU
		{BCA680CB-416F-466C-AC97-9C6BE0845B68}.Debug|Any CPU.ActiveCfg = Debug|Any CPU
		{BCA680CB-416F-466C-AC97-9C6BE0845B68}.Debug|Any CPU.Build.0 = Debug|Any CPU
		{BCA680CB-416F-466C-AC97-9C6BE0845B68}.Release|Any CPU.ActiveCfg = Release|Any CPU
		{BCA680CB-416F-466C-AC97-9C6BE0845B68}.Release|Any CPU.Build.0 = Release|Any CPU
	EndGlobalSection
	GlobalSection(SolutionProperties) = preSolution
		HideSolutionNode = FALSE
	EndGlobalSection
	GlobalSection(NestedProjects) = preSolution
		{10D6AD13-D798-409B-9A64-786380A3387C} = {68E81CE1-B25F-4AAE-AD65-286C5A9E84C6}
		{3BC1CAFB-531A-4FDF-9316-8648811DCD84} = {68E81CE1-B25F-4AAE-AD65-286C5A9E84C6}
		{6613AC03-04BC-4B17-AA70-12C95CC17C7C} = {91AD1FB1-DBCC-4B35-A6E0-31BEF7B47113}
		{BCA680CB-416F-466C-AC97-9C6BE0845B68} = {91AD1FB1-DBCC-4B35-A6E0-31BEF7B47113}
	EndGlobalSection
	GlobalSection(ExtensibilityGlobals) = postSolution
		SolutionGuid = {0A0AC614-A43C-4DA5-B1FD-ADB639151878}
	EndGlobalSection
EndGlobal
