
Microsoft Visual Studio Solution File, Format Version 12.00
# Visual Studio Version 17
VisualStudioVersion = 17.1.32328.378
MinimumVisualStudioVersion = 10.0.40219.1
Project("{2150E333-8FDC-42A3-9474-1A3956D46DE8}") = "src", "src", "{29FA4138-345F-49D1-BD20-A06D20F86A9C}"
EndProject
Project("{9A19103F-16F7-4668-BE54-9A1E7A4F7556}") = "SourceGeneratorSupplement", "src\SourceGeneratorSupplement\SourceGeneratorSupplement.csproj", "{5C4D5EC4-6D98-47C0-BEA1-7531713EB836}"
EndProject
Project("{2150E333-8FDC-42A3-9474-1A3956D46DE8}") = "tests", "tests", "{8A72B5B7-1063-4528-A249-DD69CBCB3DB7}"
EndProject
Project("{9A19103F-16F7-4668-BE54-9A1E7A4F7556}") = "SourceGeneratorSupplement.Playground", "tests\SourceGeneratorSupplement.Playground\SourceGeneratorSupplement.Playground.csproj", "{A8EA188F-A028-405E-8073-21AFBA0EB9C3}"
EndProject
Project("{9A19103F-16F7-4668-BE54-9A1E7A4F7556}") = "SourceGeneratorSupplement.Test", "tests\SourceGeneratorSupplement.Test\SourceGeneratorSupplement.Test.csproj", "{C8BE34FB-6629-4F0C-8142-1689400B122E}"
EndProject
Global
	GlobalSection(SolutionConfigurationPlatforms) = preSolution
		Debug|Any CPU = Debug|Any CPU
		Release|Any CPU = Release|Any CPU
	EndGlobalSection
	GlobalSection(ProjectConfigurationPlatforms) = postSolution
		{5C4D5EC4-6D98-47C0-BEA1-7531713EB836}.Debug|Any CPU.ActiveCfg = Debug|Any CPU
		{5C4D5EC4-6D98-47C0-BEA1-7531713EB836}.Debug|Any CPU.Build.0 = Debug|Any CPU
		{5C4D5EC4-6D98-47C0-BEA1-7531713EB836}.Release|Any CPU.ActiveCfg = Release|Any CPU
		{5C4D5EC4-6D98-47C0-BEA1-7531713EB836}.Release|Any CPU.Build.0 = Release|Any CPU
		{A8EA188F-A028-405E-8073-21AFBA0EB9C3}.Debug|Any CPU.ActiveCfg = Debug|Any CPU
		{A8EA188F-A028-405E-8073-21AFBA0EB9C3}.Debug|Any CPU.Build.0 = Debug|Any CPU
		{A8EA188F-A028-405E-8073-21AFBA0EB9C3}.Release|Any CPU.ActiveCfg = Release|Any CPU
		{A8EA188F-A028-405E-8073-21AFBA0EB9C3}.Release|Any CPU.Build.0 = Release|Any CPU
		{C8BE34FB-6629-4F0C-8142-1689400B122E}.Debug|Any CPU.ActiveCfg = Debug|Any CPU
		{C8BE34FB-6629-4F0C-8142-1689400B122E}.Debug|Any CPU.Build.0 = Debug|Any CPU
		{C8BE34FB-6629-4F0C-8142-1689400B122E}.Release|Any CPU.ActiveCfg = Release|Any CPU
		{C8BE34FB-6629-4F0C-8142-1689400B122E}.Release|Any CPU.Build.0 = Release|Any CPU
	EndGlobalSection
	GlobalSection(SolutionProperties) = preSolution
		HideSolutionNode = FALSE
	EndGlobalSection
	GlobalSection(NestedProjects) = preSolution
		{5C4D5EC4-6D98-47C0-BEA1-7531713EB836} = {29FA4138-345F-49D1-BD20-A06D20F86A9C}
		{A8EA188F-A028-405E-8073-21AFBA0EB9C3} = {8A72B5B7-1063-4528-A249-DD69CBCB3DB7}
		{C8BE34FB-6629-4F0C-8142-1689400B122E} = {8A72B5B7-1063-4528-A249-DD69CBCB3DB7}
	EndGlobalSection
	GlobalSection(ExtensibilityGlobals) = postSolution
		SolutionGuid = {18447576-0B5A-44AC-9AFC-4BDA68003853}
	EndGlobalSection
EndGlobal
